// !$*UTF8*$!
{
	archiveVersion = 1;
	classes = {
	};
	objectVersion = 46;
	objects = {

/* Begin PBXBuildFile section */
		DC15644C1F04A3E400243FC4 /* CafeCellVC.swift in Sources */ = {isa = PBXBuildFile; fileRef = DC15644B1F04A3E400243FC4 /* CafeCellVC.swift */; };
		DC1942F51ED6794C00711EC3 /* melbourne_cafeUITests.swift in Sources */ = {isa = PBXBuildFile; fileRef = DC1942F41ED6794C00711EC3 /* melbourne_cafeUITests.swift */; };
		DC1943031ED6795C00711EC3 /* melbourne_cafeTests.swift in Sources */ = {isa = PBXBuildFile; fileRef = DC1943021ED6795C00711EC3 /* melbourne_cafeTests.swift */; };
		DC19430B1ED6845900711EC3 /* Register.swift in Sources */ = {isa = PBXBuildFile; fileRef = DC19430A1ED6845900711EC3 /* Register.swift */; };
		DC19430D1ED69CD400711EC3 /* Constants.swift in Sources */ = {isa = PBXBuildFile; fileRef = DC19430C1ED69CD400711EC3 /* Constants.swift */; };
		DC2ED1101F1DB86F00FB130C /* LoadOrderList.swift in Sources */ = {isa = PBXBuildFile; fileRef = DC2ED10F1F1DB86F00FB130C /* LoadOrderList.swift */; };
		DC2ED1121F1DB93600FB130C /* OrderManagementVC.swift in Sources */ = {isa = PBXBuildFile; fileRef = DC2ED1111F1DB93600FB130C /* OrderManagementVC.swift */; };
		DC2ED1141F1DBB3800FB130C /* OrderCell.swift in Sources */ = {isa = PBXBuildFile; fileRef = DC2ED1131F1DBB3800FB130C /* OrderCell.swift */; };
		DC2ED1161F1DD9B900FB130C /* LoadOrderHistory.swift in Sources */ = {isa = PBXBuildFile; fileRef = DC2ED1151F1DD9B900FB130C /* LoadOrderHistory.swift */; };
		DC2ED1181F1DDA0900FB130C /* OrderHistoryVC.swift in Sources */ = {isa = PBXBuildFile; fileRef = DC2ED1171F1DDA0900FB130C /* OrderHistoryVC.swift */; };
		DC2ED11A1F1DDA6900FB130C /* OrderHistoryCell.swift in Sources */ = {isa = PBXBuildFile; fileRef = DC2ED1191F1DDA6900FB130C /* OrderHistoryCell.swift */; };
		DC2ED11C1F1E1A4600FB130C /* OrderHistory.swift in Sources */ = {isa = PBXBuildFile; fileRef = DC2ED11B1F1E1A4600FB130C /* OrderHistory.swift */; };
		DC427A5A1ED98AC70001384D /* ConfirmedFormVC.swift in Sources */ = {isa = PBXBuildFile; fileRef = DC427A591ED98AC70001384D /* ConfirmedFormVC.swift */; };
		DC4454AB1F1324D800D7D413 /* LoadProductList.swift in Sources */ = {isa = PBXBuildFile; fileRef = DC4454AA1F1324D800D7D413 /* LoadProductList.swift */; };
		DC4454AD1F13AEAD00D7D413 /* CoffeeCellVC.swift in Sources */ = {isa = PBXBuildFile; fileRef = DC4454AC1F13AEAD00D7D413 /* CoffeeCellVC.swift */; };
		DC5554401EDD10F0009FF182 /* Login.swift in Sources */ = {isa = PBXBuildFile; fileRef = DC55543F1EDD10F0009FF182 /* Login.swift */; };
		DC5554421EDD13CA009FF182 /* LoginVC.swift in Sources */ = {isa = PBXBuildFile; fileRef = DC5554411EDD13CA009FF182 /* LoginVC.swift */; };
		DC58579E1EDA804200530E1B /* TextCheck.swift in Sources */ = {isa = PBXBuildFile; fileRef = DC58579D1EDA804200530E1B /* TextCheck.swift */; };
		DC58721C1F01F56A0077ED9F /* Cafe.swift in Sources */ = {isa = PBXBuildFile; fileRef = DC58721B1F01F56A0077ED9F /* Cafe.swift */; };
		DC605D941EF7933F00E3EFB8 /* CafeCell.swift in Sources */ = {isa = PBXBuildFile; fileRef = DC605D931EF7933F00E3EFB8 /* CafeCell.swift */; };
		DC605D961EF8BA9700E3EFB8 /* LoadCafeList.swift in Sources */ = {isa = PBXBuildFile; fileRef = DC605D951EF8BA9700E3EFB8 /* LoadCafeList.swift */; };
		DC6196831ECD15920023C94B /* AppDelegate.swift in Sources */ = {isa = PBXBuildFile; fileRef = DC6196821ECD15920023C94B /* AppDelegate.swift */; };
		DC6196851ECD15920023C94B /* SignUpFormVC.swift in Sources */ = {isa = PBXBuildFile; fileRef = DC6196841ECD15920023C94B /* SignUpFormVC.swift */; };
		DC61968A1ECD15920023C94B /* Assets.xcassets in Resources */ = {isa = PBXBuildFile; fileRef = DC6196891ECD15920023C94B /* Assets.xcassets */; };
		DC61968D1ECD15920023C94B /* LaunchScreen.storyboard in Resources */ = {isa = PBXBuildFile; fileRef = DC61968B1ECD15920023C94B /* LaunchScreen.storyboard */; };
		DC6418F51EDE4BDC0049922C /* ProfileVC.swift in Sources */ = {isa = PBXBuildFile; fileRef = DC6418F41EDE4BDC0049922C /* ProfileVC.swift */; };
		DC6418F91EDE68190049922C /* TabBarVC.swift in Sources */ = {isa = PBXBuildFile; fileRef = DC6418F81EDE68190049922C /* TabBarVC.swift */; };
		DC66A3A91F15D8F400B5B55D /* UpdateCoffeeInfo.swift in Sources */ = {isa = PBXBuildFile; fileRef = DC66A3A81F15D8F400B5B55D /* UpdateCoffeeInfo.swift */; };
		DC9EACD11F1AF79700827F10 /* Order.swift in Sources */ = {isa = PBXBuildFile; fileRef = DC9EACD01F1AF79700827F10 /* Order.swift */; };
		DC9F46ED1F0C84B500F5B3C3 /* CoffeeVC.swift in Sources */ = {isa = PBXBuildFile; fileRef = DC9F46EC1F0C84B500F5B3C3 /* CoffeeVC.swift */; };
		DC9F46EF1F0C855700F5B3C3 /* AddCoffeeVC.swift in Sources */ = {isa = PBXBuildFile; fileRef = DC9F46EE1F0C855700F5B3C3 /* AddCoffeeVC.swift */; };
		DC9F46F11F0CA3D000F5B3C3 /* CreateCoffee.swift in Sources */ = {isa = PBXBuildFile; fileRef = DC9F46F01F0CA3D000F5B3C3 /* CreateCoffee.swift */; };
		DCA31A2D1F16475600D8E83D /* DeleteCoffee.swift in Sources */ = {isa = PBXBuildFile; fileRef = DCA31A2C1F16475600D8E83D /* DeleteCoffee.swift */; };
		DCADC9131EEA46F9007C1641 /* ImageFunctions.swift in Sources */ = {isa = PBXBuildFile; fileRef = DCADC9121EEA46F9007C1641 /* ImageFunctions.swift */; };
		DCAE88481F0B3C7D0049E14A /* Coffee.swift in Sources */ = {isa = PBXBuildFile; fileRef = DCAE88471F0B3C7D0049E14A /* Coffee.swift */; };
		DCAEB3BA1EE18D3300EED1D8 /* EditedProfileVC.swift in Sources */ = {isa = PBXBuildFile; fileRef = DCAEB3B91EE18D3300EED1D8 /* EditedProfileVC.swift */; };
		DCB097CA1EDFC16F00F561A0 /* Profile.swift in Sources */ = {isa = PBXBuildFile; fileRef = DCB097C91EDFC16F00F561A0 /* Profile.swift */; };
		DCC203C91F2B64E500A6C21A /* OtherLocation.swift in Sources */ = {isa = PBXBuildFile; fileRef = DCC203C81F2B64E500A6C21A /* OtherLocation.swift */; };
		DCC89A2D1EF6690A00087C9A /* CafeListVC.swift in Sources */ = {isa = PBXBuildFile; fileRef = DCC89A2C1EF6690A00087C9A /* CafeListVC.swift */; };
		DCD5FED61F2EF2A80021CA0F /* MapKit.framework in Frameworks */ = {isa = PBXBuildFile; fileRef = DCEA5D231EF2549B00E6C1A1 /* MapKit.framework */; };
		DCD860B11EE912B100840CF0 /* Update.swift in Sources */ = {isa = PBXBuildFile; fileRef = DCD860B01EE912B100840CF0 /* Update.swift */; };
		DCE77BD61F10D7150094E244 /* CoffeeCell.swift in Sources */ = {isa = PBXBuildFile; fileRef = DCE77BD51F10D7150094E244 /* CoffeeCell.swift */; };
		DCE7CDCB1EDE77BC00D72D1D /* Main.storyboard in Resources */ = {isa = PBXBuildFile; fileRef = DCE7CDCA1EDE77BC00D72D1D /* Main.storyboard */; };
		DCEA5D201EF2405700E6C1A1 /* MapVC.swift in Sources */ = {isa = PBXBuildFile; fileRef = DCEA5D1F1EF2405700E6C1A1 /* MapVC.swift */; };
		DCEA5D221EF2441A00E6C1A1 /* CoreLocation.framework in Frameworks */ = {isa = PBXBuildFile; fileRef = DCEA5D211EF2441A00E6C1A1 /* CoreLocation.framework */; };
		E00407F926C779BB4994DDE9 /* Pods_melbourne_cafe.framework in Frameworks */ = {isa = PBXBuildFile; fileRef = F77B4CAB69F12D78D427E29F /* Pods_melbourne_cafe.framework */; };
/* End PBXBuildFile section */

/* Begin PBXContainerItemProxy section */
		DC1942F71ED6794C00711EC3 /* PBXContainerItemProxy */ = {
			isa = PBXContainerItemProxy;
			containerPortal = DC6196771ECD15920023C94B /* Project object */;
			proxyType = 1;
			remoteGlobalIDString = DC61967E1ECD15920023C94B;
			remoteInfo = "melbourne-cafe";
		};
		DC1943051ED6795C00711EC3 /* PBXContainerItemProxy */ = {
			isa = PBXContainerItemProxy;
			containerPortal = DC6196771ECD15920023C94B /* Project object */;
			proxyType = 1;
			remoteGlobalIDString = DC61967E1ECD15920023C94B;
			remoteInfo = "melbourne-cafe";
		};
/* End PBXContainerItemProxy section */

/* Begin PBXFileReference section */
		59AB041E6C7DB3CC20ACEB77 /* Pods-melbourne-cafe.release.xcconfig */ = {isa = PBXFileReference; includeInIndex = 1; lastKnownFileType = text.xcconfig; name = "Pods-melbourne-cafe.release.xcconfig"; path = "Pods/Target Support Files/Pods-melbourne-cafe/Pods-melbourne-cafe.release.xcconfig"; sourceTree = "<group>"; };
		DC15644B1F04A3E400243FC4 /* CafeCellVC.swift */ = {isa = PBXFileReference; fileEncoding = 4; lastKnownFileType = sourcecode.swift; path = CafeCellVC.swift; sourceTree = "<group>"; };
		DC1942F21ED6794C00711EC3 /* melbourne-cafeUITests.xctest */ = {isa = PBXFileReference; explicitFileType = wrapper.cfbundle; includeInIndex = 0; path = "melbourne-cafeUITests.xctest"; sourceTree = BUILT_PRODUCTS_DIR; };
		DC1942F41ED6794C00711EC3 /* melbourne_cafeUITests.swift */ = {isa = PBXFileReference; lastKnownFileType = sourcecode.swift; path = melbourne_cafeUITests.swift; sourceTree = "<group>"; };
		DC1942F61ED6794C00711EC3 /* Info.plist */ = {isa = PBXFileReference; lastKnownFileType = text.plist.xml; path = Info.plist; sourceTree = "<group>"; };
		DC1943001ED6795C00711EC3 /* melbourne-cafeTests.xctest */ = {isa = PBXFileReference; explicitFileType = wrapper.cfbundle; includeInIndex = 0; path = "melbourne-cafeTests.xctest"; sourceTree = BUILT_PRODUCTS_DIR; };
		DC1943021ED6795C00711EC3 /* melbourne_cafeTests.swift */ = {isa = PBXFileReference; lastKnownFileType = sourcecode.swift; path = melbourne_cafeTests.swift; sourceTree = "<group>"; };
		DC1943041ED6795C00711EC3 /* Info.plist */ = {isa = PBXFileReference; lastKnownFileType = text.plist.xml; path = Info.plist; sourceTree = "<group>"; };
		DC19430A1ED6845900711EC3 /* Register.swift */ = {isa = PBXFileReference; fileEncoding = 4; lastKnownFileType = sourcecode.swift; path = Register.swift; sourceTree = "<group>"; };
		DC19430C1ED69CD400711EC3 /* Constants.swift */ = {isa = PBXFileReference; fileEncoding = 4; lastKnownFileType = sourcecode.swift; path = Constants.swift; sourceTree = "<group>"; };
		DC2ED10F1F1DB86F00FB130C /* LoadOrderList.swift */ = {isa = PBXFileReference; fileEncoding = 4; lastKnownFileType = sourcecode.swift; path = LoadOrderList.swift; sourceTree = "<group>"; };
		DC2ED1111F1DB93600FB130C /* OrderManagementVC.swift */ = {isa = PBXFileReference; fileEncoding = 4; lastKnownFileType = sourcecode.swift; path = OrderManagementVC.swift; sourceTree = "<group>"; };
		DC2ED1131F1DBB3800FB130C /* OrderCell.swift */ = {isa = PBXFileReference; fileEncoding = 4; lastKnownFileType = sourcecode.swift; path = OrderCell.swift; sourceTree = "<group>"; };
		DC2ED1151F1DD9B900FB130C /* LoadOrderHistory.swift */ = {isa = PBXFileReference; fileEncoding = 4; lastKnownFileType = sourcecode.swift; path = LoadOrderHistory.swift; sourceTree = "<group>"; };
		DC2ED1171F1DDA0900FB130C /* OrderHistoryVC.swift */ = {isa = PBXFileReference; fileEncoding = 4; lastKnownFileType = sourcecode.swift; path = OrderHistoryVC.swift; sourceTree = "<group>"; };
		DC2ED1191F1DDA6900FB130C /* OrderHistoryCell.swift */ = {isa = PBXFileReference; fileEncoding = 4; lastKnownFileType = sourcecode.swift; path = OrderHistoryCell.swift; sourceTree = "<group>"; };
		DC2ED11B1F1E1A4600FB130C /* OrderHistory.swift */ = {isa = PBXFileReference; fileEncoding = 4; lastKnownFileType = sourcecode.swift; path = OrderHistory.swift; sourceTree = "<group>"; };
		DC427A591ED98AC70001384D /* ConfirmedFormVC.swift */ = {isa = PBXFileReference; fileEncoding = 4; lastKnownFileType = sourcecode.swift; path = ConfirmedFormVC.swift; sourceTree = "<group>"; };
		DC4454AA1F1324D800D7D413 /* LoadProductList.swift */ = {isa = PBXFileReference; fileEncoding = 4; lastKnownFileType = sourcecode.swift; path = LoadProductList.swift; sourceTree = "<group>"; };
		DC4454AC1F13AEAD00D7D413 /* CoffeeCellVC.swift */ = {isa = PBXFileReference; fileEncoding = 4; lastKnownFileType = sourcecode.swift; path = CoffeeCellVC.swift; sourceTree = "<group>"; };
		DC55543F1EDD10F0009FF182 /* Login.swift */ = {isa = PBXFileReference; fileEncoding = 4; lastKnownFileType = sourcecode.swift; path = Login.swift; sourceTree = "<group>"; };
		DC5554411EDD13CA009FF182 /* LoginVC.swift */ = {isa = PBXFileReference; fileEncoding = 4; lastKnownFileType = sourcecode.swift; path = LoginVC.swift; sourceTree = "<group>"; };
		DC58579D1EDA804200530E1B /* TextCheck.swift */ = {isa = PBXFileReference; fileEncoding = 4; lastKnownFileType = sourcecode.swift; path = TextCheck.swift; sourceTree = "<group>"; };
		DC58721B1F01F56A0077ED9F /* Cafe.swift */ = {isa = PBXFileReference; fileEncoding = 4; lastKnownFileType = sourcecode.swift; path = Cafe.swift; sourceTree = "<group>"; };
		DC605D931EF7933F00E3EFB8 /* CafeCell.swift */ = {isa = PBXFileReference; fileEncoding = 4; lastKnownFileType = sourcecode.swift; path = CafeCell.swift; sourceTree = "<group>"; };
		DC605D951EF8BA9700E3EFB8 /* LoadCafeList.swift */ = {isa = PBXFileReference; fileEncoding = 4; lastKnownFileType = sourcecode.swift; path = LoadCafeList.swift; sourceTree = "<group>"; };
		DC61967F1ECD15920023C94B /* melbourne-cafe.app */ = {isa = PBXFileReference; explicitFileType = wrapper.application; includeInIndex = 0; path = "melbourne-cafe.app"; sourceTree = BUILT_PRODUCTS_DIR; };
		DC6196821ECD15920023C94B /* AppDelegate.swift */ = {isa = PBXFileReference; lastKnownFileType = sourcecode.swift; path = AppDelegate.swift; sourceTree = "<group>"; };
		DC6196841ECD15920023C94B /* SignUpFormVC.swift */ = {isa = PBXFileReference; lastKnownFileType = sourcecode.swift; path = SignUpFormVC.swift; sourceTree = "<group>"; };
		DC6196891ECD15920023C94B /* Assets.xcassets */ = {isa = PBXFileReference; lastKnownFileType = folder.assetcatalog; path = Assets.xcassets; sourceTree = "<group>"; };
		DC61968C1ECD15920023C94B /* Base */ = {isa = PBXFileReference; lastKnownFileType = file.storyboard; name = Base; path = Base.lproj/LaunchScreen.storyboard; sourceTree = "<group>"; };
		DC61968E1ECD15920023C94B /* Info.plist */ = {isa = PBXFileReference; lastKnownFileType = text.plist.xml; path = Info.plist; sourceTree = "<group>"; };
		DC6418F41EDE4BDC0049922C /* ProfileVC.swift */ = {isa = PBXFileReference; fileEncoding = 4; lastKnownFileType = sourcecode.swift; path = ProfileVC.swift; sourceTree = "<group>"; };
		DC6418F81EDE68190049922C /* TabBarVC.swift */ = {isa = PBXFileReference; fileEncoding = 4; lastKnownFileType = sourcecode.swift; path = TabBarVC.swift; sourceTree = "<group>"; };
		DC66A3A81F15D8F400B5B55D /* UpdateCoffeeInfo.swift */ = {isa = PBXFileReference; fileEncoding = 4; lastKnownFileType = sourcecode.swift; path = UpdateCoffeeInfo.swift; sourceTree = "<group>"; };
		DC9EACD01F1AF79700827F10 /* Order.swift */ = {isa = PBXFileReference; fileEncoding = 4; lastKnownFileType = sourcecode.swift; path = Order.swift; sourceTree = "<group>"; };
		DC9F46EC1F0C84B500F5B3C3 /* CoffeeVC.swift */ = {isa = PBXFileReference; fileEncoding = 4; lastKnownFileType = sourcecode.swift; path = CoffeeVC.swift; sourceTree = "<group>"; };
		DC9F46EE1F0C855700F5B3C3 /* AddCoffeeVC.swift */ = {isa = PBXFileReference; fileEncoding = 4; lastKnownFileType = sourcecode.swift; path = AddCoffeeVC.swift; sourceTree = "<group>"; };
		DC9F46F01F0CA3D000F5B3C3 /* CreateCoffee.swift */ = {isa = PBXFileReference; fileEncoding = 4; lastKnownFileType = sourcecode.swift; path = CreateCoffee.swift; sourceTree = "<group>"; };
		DCA31A2C1F16475600D8E83D /* DeleteCoffee.swift */ = {isa = PBXFileReference; fileEncoding = 4; lastKnownFileType = sourcecode.swift; path = DeleteCoffee.swift; sourceTree = "<group>"; };
		DCADC9121EEA46F9007C1641 /* ImageFunctions.swift */ = {isa = PBXFileReference; fileEncoding = 4; lastKnownFileType = sourcecode.swift; path = ImageFunctions.swift; sourceTree = "<group>"; };
		DCAE88471F0B3C7D0049E14A /* Coffee.swift */ = {isa = PBXFileReference; fileEncoding = 4; lastKnownFileType = sourcecode.swift; path = Coffee.swift; sourceTree = "<group>"; };
		DCAEB3B91EE18D3300EED1D8 /* EditedProfileVC.swift */ = {isa = PBXFileReference; fileEncoding = 4; lastKnownFileType = sourcecode.swift; path = EditedProfileVC.swift; sourceTree = "<group>"; };
		DCB097C91EDFC16F00F561A0 /* Profile.swift */ = {isa = PBXFileReference; fileEncoding = 4; lastKnownFileType = sourcecode.swift; path = Profile.swift; sourceTree = "<group>"; };
		DCB58CC71F26C2180089D256 /* melbourne-cafe.entitlements */ = {isa = PBXFileReference; lastKnownFileType = text.plist.entitlements; path = "melbourne-cafe.entitlements"; sourceTree = "<group>"; };
		DCC203C81F2B64E500A6C21A /* OtherLocation.swift */ = {isa = PBXFileReference; fileEncoding = 4; lastKnownFileType = sourcecode.swift; path = OtherLocation.swift; sourceTree = "<group>"; };
		DCC89A2C1EF6690A00087C9A /* CafeListVC.swift */ = {isa = PBXFileReference; fileEncoding = 4; lastKnownFileType = sourcecode.swift; path = CafeListVC.swift; sourceTree = "<group>"; };
		DCD860B01EE912B100840CF0 /* Update.swift */ = {isa = PBXFileReference; fileEncoding = 4; lastKnownFileType = sourcecode.swift; path = Update.swift; sourceTree = "<group>"; };
		DCE77BD51F10D7150094E244 /* CoffeeCell.swift */ = {isa = PBXFileReference; fileEncoding = 4; lastKnownFileType = sourcecode.swift; path = CoffeeCell.swift; sourceTree = "<group>"; };
		DCE7CDCA1EDE77BC00D72D1D /* Main.storyboard */ = {isa = PBXFileReference; fileEncoding = 4; lastKnownFileType = file.storyboard; path = Main.storyboard; sourceTree = "<group>"; };
		DCEA5D1F1EF2405700E6C1A1 /* MapVC.swift */ = {isa = PBXFileReference; fileEncoding = 4; lastKnownFileType = sourcecode.swift; path = MapVC.swift; sourceTree = "<group>"; };
		DCEA5D211EF2441A00E6C1A1 /* CoreLocation.framework */ = {isa = PBXFileReference; lastKnownFileType = wrapper.framework; name = CoreLocation.framework; path = System/Library/Frameworks/CoreLocation.framework; sourceTree = SDKROOT; };
		DCEA5D231EF2549B00E6C1A1 /* MapKit.framework */ = {isa = PBXFileReference; lastKnownFileType = wrapper.framework; name = MapKit.framework; path = System/Library/Frameworks/MapKit.framework; sourceTree = SDKROOT; };
		F3F1DDB17DB1B57E4D25CBE8 /* Pods-melbourne-cafe.debug.xcconfig */ = {isa = PBXFileReference; includeInIndex = 1; lastKnownFileType = text.xcconfig; name = "Pods-melbourne-cafe.debug.xcconfig"; path = "Pods/Target Support Files/Pods-melbourne-cafe/Pods-melbourne-cafe.debug.xcconfig"; sourceTree = "<group>"; };
		F77B4CAB69F12D78D427E29F /* Pods_melbourne_cafe.framework */ = {isa = PBXFileReference; explicitFileType = wrapper.framework; includeInIndex = 0; path = Pods_melbourne_cafe.framework; sourceTree = BUILT_PRODUCTS_DIR; };
/* End PBXFileReference section */

/* Begin PBXFrameworksBuildPhase section */
		DC1942EF1ED6794C00711EC3 /* Frameworks */ = {
			isa = PBXFrameworksBuildPhase;
			buildActionMask = 2147483647;
			files = (
			);
			runOnlyForDeploymentPostprocessing = 0;
		};
		DC1942FD1ED6795C00711EC3 /* Frameworks */ = {
			isa = PBXFrameworksBuildPhase;
			buildActionMask = 2147483647;
			files = (
			);
			runOnlyForDeploymentPostprocessing = 0;
		};
		DC61967C1ECD15920023C94B /* Frameworks */ = {
			isa = PBXFrameworksBuildPhase;
			buildActionMask = 2147483647;
			files = (
				DCEA5D221EF2441A00E6C1A1 /* CoreLocation.framework in Frameworks */,
				DCD5FED61F2EF2A80021CA0F /* MapKit.framework in Frameworks */,
				E00407F926C779BB4994DDE9 /* Pods_melbourne_cafe.framework in Frameworks */,
			);
			runOnlyForDeploymentPostprocessing = 0;
		};
/* End PBXFrameworksBuildPhase section */

/* Begin PBXGroup section */
		0858192AF5FE7B28101CEE45 /* Frameworks */ = {
			isa = PBXGroup;
			children = (
				DCEA5D231EF2549B00E6C1A1 /* MapKit.framework */,
				DCEA5D211EF2441A00E6C1A1 /* CoreLocation.framework */,
				F77B4CAB69F12D78D427E29F /* Pods_melbourne_cafe.framework */,
			);
			name = Frameworks;
			sourceTree = "<group>";
		};
		5A0CD1D466BDF9F1B1B33A78 /* Pods */ = {
			isa = PBXGroup;
			children = (
				F3F1DDB17DB1B57E4D25CBE8 /* Pods-melbourne-cafe.debug.xcconfig */,
				59AB041E6C7DB3CC20ACEB77 /* Pods-melbourne-cafe.release.xcconfig */,
			);
			name = Pods;
			sourceTree = "<group>";
		};
		DC1942F31ED6794C00711EC3 /* melbourne-cafeUITests */ = {
			isa = PBXGroup;
			children = (
				DC1942F41ED6794C00711EC3 /* melbourne_cafeUITests.swift */,
				DC1942F61ED6794C00711EC3 /* Info.plist */,
			);
			path = "melbourne-cafeUITests";
			sourceTree = "<group>";
		};
		DC1943011ED6795C00711EC3 /* melbourne-cafeTests */ = {
			isa = PBXGroup;
			children = (
				DC1943021ED6795C00711EC3 /* melbourne_cafeTests.swift */,
				DC1943041ED6795C00711EC3 /* Info.plist */,
			);
			path = "melbourne-cafeTests";
			sourceTree = "<group>";
		};
		DC6196761ECD15920023C94B = {
			isa = PBXGroup;
			children = (
				DC6196811ECD15920023C94B /* melbourne-cafe */,
				DC1942F31ED6794C00711EC3 /* melbourne-cafeUITests */,
				DC1943011ED6795C00711EC3 /* melbourne-cafeTests */,
				DC6196801ECD15920023C94B /* Products */,
				5A0CD1D466BDF9F1B1B33A78 /* Pods */,
				0858192AF5FE7B28101CEE45 /* Frameworks */,
			);
			sourceTree = "<group>";
		};
		DC6196801ECD15920023C94B /* Products */ = {
			isa = PBXGroup;
			children = (
				DC61967F1ECD15920023C94B /* melbourne-cafe.app */,
				DC1942F21ED6794C00711EC3 /* melbourne-cafeUITests.xctest */,
				DC1943001ED6795C00711EC3 /* melbourne-cafeTests.xctest */,
			);
			name = Products;
			sourceTree = "<group>";
		};
		DC6196811ECD15920023C94B /* melbourne-cafe */ = {
			isa = PBXGroup;
			children = (
				DCB58CC71F26C2180089D256 /* melbourne-cafe.entitlements */,
				DCC778EE1ED557A4006A97A9 /* Model */,
				DCC778EF1ED557AD006A97A9 /* View */,
				DCC778F01ED557B3006A97A9 /* Controller */,
				DCE849DA1ED9B4E6006EBC2E /* Supporting Files */,
				DCE7CDCA1EDE77BC00D72D1D /* Main.storyboard */,
				DC19430C1ED69CD400711EC3 /* Constants.swift */,
			);
			path = "melbourne-cafe";
			sourceTree = "<group>";
		};
		DCC778EE1ED557A4006A97A9 /* Model */ = {
			isa = PBXGroup;
			children = (
				DC19430A1ED6845900711EC3 /* Register.swift */,
				DC58579D1EDA804200530E1B /* TextCheck.swift */,
				DC55543F1EDD10F0009FF182 /* Login.swift */,
				DCB097C91EDFC16F00F561A0 /* Profile.swift */,
				DCD860B01EE912B100840CF0 /* Update.swift */,
				DCADC9121EEA46F9007C1641 /* ImageFunctions.swift */,
				DC605D951EF8BA9700E3EFB8 /* LoadCafeList.swift */,
				DC58721B1F01F56A0077ED9F /* Cafe.swift */,
				DCAE88471F0B3C7D0049E14A /* Coffee.swift */,
				DC9F46F01F0CA3D000F5B3C3 /* CreateCoffee.swift */,
				DC4454AA1F1324D800D7D413 /* LoadProductList.swift */,
				DC66A3A81F15D8F400B5B55D /* UpdateCoffeeInfo.swift */,
				DCA31A2C1F16475600D8E83D /* DeleteCoffee.swift */,
				DC9EACD01F1AF79700827F10 /* Order.swift */,
				DC2ED10F1F1DB86F00FB130C /* LoadOrderList.swift */,
				DC2ED1151F1DD9B900FB130C /* LoadOrderHistory.swift */,
				DC2ED11B1F1E1A4600FB130C /* OrderHistory.swift */,
				DCC203C81F2B64E500A6C21A /* OtherLocation.swift */,
			);
			name = Model;
			sourceTree = "<group>";
		};
		DCC778EF1ED557AD006A97A9 /* View */ = {
			isa = PBXGroup;
			children = (
				DC605D931EF7933F00E3EFB8 /* CafeCell.swift */,
				DCE77BD51F10D7150094E244 /* CoffeeCell.swift */,
				DC2ED1131F1DBB3800FB130C /* OrderCell.swift */,
				DC2ED1191F1DDA6900FB130C /* OrderHistoryCell.swift */,
			);
			name = View;
			sourceTree = "<group>";
		};
		DCC778F01ED557B3006A97A9 /* Controller */ = {
			isa = PBXGroup;
			children = (
				DC6196841ECD15920023C94B /* SignUpFormVC.swift */,
				DC427A591ED98AC70001384D /* ConfirmedFormVC.swift */,
				DC5554411EDD13CA009FF182 /* LoginVC.swift */,
				DC6418F41EDE4BDC0049922C /* ProfileVC.swift */,
				DC6418F81EDE68190049922C /* TabBarVC.swift */,
				DCAEB3B91EE18D3300EED1D8 /* EditedProfileVC.swift */,
				DCEA5D1F1EF2405700E6C1A1 /* MapVC.swift */,
				DCC89A2C1EF6690A00087C9A /* CafeListVC.swift */,
				DC15644B1F04A3E400243FC4 /* CafeCellVC.swift */,
				DC9F46EC1F0C84B500F5B3C3 /* CoffeeVC.swift */,
				DC9F46EE1F0C855700F5B3C3 /* AddCoffeeVC.swift */,
				DC4454AC1F13AEAD00D7D413 /* CoffeeCellVC.swift */,
				DC2ED1111F1DB93600FB130C /* OrderManagementVC.swift */,
				DC2ED1171F1DDA0900FB130C /* OrderHistoryVC.swift */,
			);
			name = Controller;
			sourceTree = "<group>";
		};
		DCE849DA1ED9B4E6006EBC2E /* Supporting Files */ = {
			isa = PBXGroup;
			children = (
				DC6196821ECD15920023C94B /* AppDelegate.swift */,
				DC6196891ECD15920023C94B /* Assets.xcassets */,
				DC61968B1ECD15920023C94B /* LaunchScreen.storyboard */,
				DC61968E1ECD15920023C94B /* Info.plist */,
			);
			name = "Supporting Files";
			sourceTree = "<group>";
		};
/* End PBXGroup section */

/* Begin PBXNativeTarget section */
		DC1942F11ED6794C00711EC3 /* melbourne-cafeUITests */ = {
			isa = PBXNativeTarget;
			buildConfigurationList = DC1942F91ED6794C00711EC3 /* Build configuration list for PBXNativeTarget "melbourne-cafeUITests" */;
			buildPhases = (
				DC1942EE1ED6794C00711EC3 /* Sources */,
				DC1942EF1ED6794C00711EC3 /* Frameworks */,
				DC1942F01ED6794C00711EC3 /* Resources */,
			);
			buildRules = (
			);
			dependencies = (
				DC1942F81ED6794C00711EC3 /* PBXTargetDependency */,
			);
			name = "melbourne-cafeUITests";
			productName = "melbourne-cafeUITests";
			productReference = DC1942F21ED6794C00711EC3 /* melbourne-cafeUITests.xctest */;
			productType = "com.apple.product-type.bundle.ui-testing";
		};
		DC1942FF1ED6795C00711EC3 /* melbourne-cafeTests */ = {
			isa = PBXNativeTarget;
			buildConfigurationList = DC1943071ED6795C00711EC3 /* Build configuration list for PBXNativeTarget "melbourne-cafeTests" */;
			buildPhases = (
				DC1942FC1ED6795C00711EC3 /* Sources */,
				DC1942FD1ED6795C00711EC3 /* Frameworks */,
				DC1942FE1ED6795C00711EC3 /* Resources */,
			);
			buildRules = (
			);
			dependencies = (
				DC1943061ED6795C00711EC3 /* PBXTargetDependency */,
			);
			name = "melbourne-cafeTests";
			productName = "melbourne-cafeTests";
			productReference = DC1943001ED6795C00711EC3 /* melbourne-cafeTests.xctest */;
			productType = "com.apple.product-type.bundle.unit-test";
		};
		DC61967E1ECD15920023C94B /* melbourne-cafe */ = {
			isa = PBXNativeTarget;
			buildConfigurationList = DC6196911ECD15920023C94B /* Build configuration list for PBXNativeTarget "melbourne-cafe" */;
			buildPhases = (
				4FAE8436FFBBC908BDC440B5 /* [CP] Check Pods Manifest.lock */,
				DC61967B1ECD15920023C94B /* Sources */,
				DC61967C1ECD15920023C94B /* Frameworks */,
				DC61967D1ECD15920023C94B /* Resources */,
				03D8D150CD7F7E9844078798 /* [CP] Embed Pods Frameworks */,
				34AAAFDA345DA6314645A81A /* [CP] Copy Pods Resources */,
			);
			buildRules = (
			);
			dependencies = (
			);
			name = "melbourne-cafe";
			productName = "melbourne-cafe";
			productReference = DC61967F1ECD15920023C94B /* melbourne-cafe.app */;
			productType = "com.apple.product-type.application";
		};
/* End PBXNativeTarget section */

/* Begin PBXProject section */
		DC6196771ECD15920023C94B /* Project object */ = {
			isa = PBXProject;
			attributes = {
				LastSwiftUpdateCheck = 0820;
				LastUpgradeCheck = 0820;
				ORGANIZATIONNAME = "Jing Gao";
				TargetAttributes = {
					DC1942F11ED6794C00711EC3 = {
						CreatedOnToolsVersion = 8.2.1;
						DevelopmentTeam = 36T8EM67R4;
						ProvisioningStyle = Automatic;
						TestTargetID = DC61967E1ECD15920023C94B;
					};
					DC1942FF1ED6795C00711EC3 = {
						CreatedOnToolsVersion = 8.2.1;
						DevelopmentTeam = 36T8EM67R4;
						ProvisioningStyle = Automatic;
						TestTargetID = DC61967E1ECD15920023C94B;
					};
					DC61967E1ECD15920023C94B = {
						CreatedOnToolsVersion = 8.2.1;
						DevelopmentTeam = Y5VHUR42M4;
						ProvisioningStyle = Automatic;
						SystemCapabilities = {
							com.apple.BackgroundModes = {
								enabled = 0;
							};
							com.apple.Maps.iOS = {
								enabled = 1;
							};
							com.apple.Push = {
								enabled = 0;
							};
						};
					};
				};
			};
			buildConfigurationList = DC61967A1ECD15920023C94B /* Build configuration list for PBXProject "melbourne-cafe" */;
			compatibilityVersion = "Xcode 3.2";
			developmentRegion = English;
			hasScannedForEncodings = 0;
			knownRegions = (
				en,
				Base,
			);
			mainGroup = DC6196761ECD15920023C94B;
			productRefGroup = DC6196801ECD15920023C94B /* Products */;
			projectDirPath = "";
			projectRoot = "";
			targets = (
				DC61967E1ECD15920023C94B /* melbourne-cafe */,
				DC1942F11ED6794C00711EC3 /* melbourne-cafeUITests */,
				DC1942FF1ED6795C00711EC3 /* melbourne-cafeTests */,
			);
		};
/* End PBXProject section */

/* Begin PBXResourcesBuildPhase section */
		DC1942F01ED6794C00711EC3 /* Resources */ = {
			isa = PBXResourcesBuildPhase;
			buildActionMask = 2147483647;
			files = (
			);
			runOnlyForDeploymentPostprocessing = 0;
		};
		DC1942FE1ED6795C00711EC3 /* Resources */ = {
			isa = PBXResourcesBuildPhase;
			buildActionMask = 2147483647;
			files = (
			);
			runOnlyForDeploymentPostprocessing = 0;
		};
		DC61967D1ECD15920023C94B /* Resources */ = {
			isa = PBXResourcesBuildPhase;
			buildActionMask = 2147483647;
			files = (
				DCE7CDCB1EDE77BC00D72D1D /* Main.storyboard in Resources */,
				DC61968D1ECD15920023C94B /* LaunchScreen.storyboard in Resources */,
				DC61968A1ECD15920023C94B /* Assets.xcassets in Resources */,
			);
			runOnlyForDeploymentPostprocessing = 0;
		};
/* End PBXResourcesBuildPhase section */

/* Begin PBXShellScriptBuildPhase section */
		03D8D150CD7F7E9844078798 /* [CP] Embed Pods Frameworks */ = {
			isa = PBXShellScriptBuildPhase;
			buildActionMask = 2147483647;
			files = (
			);
			inputPaths = (
			);
			name = "[CP] Embed Pods Frameworks";
			outputPaths = (
			);
			runOnlyForDeploymentPostprocessing = 0;
			shellPath = /bin/sh;
			shellScript = "\"${SRCROOT}/Pods/Target Support Files/Pods-melbourne-cafe/Pods-melbourne-cafe-frameworks.sh\"\n";
			showEnvVarsInLog = 0;
		};
		34AAAFDA345DA6314645A81A /* [CP] Copy Pods Resources */ = {
			isa = PBXShellScriptBuildPhase;
			buildActionMask = 2147483647;
			files = (
			);
			inputPaths = (
			);
			name = "[CP] Copy Pods Resources";
			outputPaths = (
			);
			runOnlyForDeploymentPostprocessing = 0;
			shellPath = /bin/sh;
			shellScript = "\"${SRCROOT}/Pods/Target Support Files/Pods-melbourne-cafe/Pods-melbourne-cafe-resources.sh\"\n";
			showEnvVarsInLog = 0;
		};
		4FAE8436FFBBC908BDC440B5 /* [CP] Check Pods Manifest.lock */ = {
			isa = PBXShellScriptBuildPhase;
			buildActionMask = 2147483647;
			files = (
			);
			inputPaths = (
			);
			name = "[CP] Check Pods Manifest.lock";
			outputPaths = (
			);
			runOnlyForDeploymentPostprocessing = 0;
			shellPath = /bin/sh;
			shellScript = "diff \"${PODS_PODFILE_DIR_PATH}/Podfile.lock\" \"${PODS_ROOT}/Manifest.lock\" > /dev/null\nif [ $? != 0 ] ; then\n    # print error to STDERR\n    echo \"error: The sandbox is not in sync with the Podfile.lock. Run 'pod install' or update your CocoaPods installation.\" >&2\n    exit 1\nfi\n";
			showEnvVarsInLog = 0;
		};
/* End PBXShellScriptBuildPhase section */

/* Begin PBXSourcesBuildPhase section */
		DC1942EE1ED6794C00711EC3 /* Sources */ = {
			isa = PBXSourcesBuildPhase;
			buildActionMask = 2147483647;
			files = (
				DC1942F51ED6794C00711EC3 /* melbourne_cafeUITests.swift in Sources */,
			);
			runOnlyForDeploymentPostprocessing = 0;
		};
		DC1942FC1ED6795C00711EC3 /* Sources */ = {
			isa = PBXSourcesBuildPhase;
			buildActionMask = 2147483647;
			files = (
				DC1943031ED6795C00711EC3 /* melbourne_cafeTests.swift in Sources */,
			);
			runOnlyForDeploymentPostprocessing = 0;
		};
		DC61967B1ECD15920023C94B /* Sources */ = {
			isa = PBXSourcesBuildPhase;
			buildActionMask = 2147483647;
			files = (
				DC9F46ED1F0C84B500F5B3C3 /* CoffeeVC.swift in Sources */,
				DC2ED1141F1DBB3800FB130C /* OrderCell.swift in Sources */,
				DC58721C1F01F56A0077ED9F /* Cafe.swift in Sources */,
				DC2ED1161F1DD9B900FB130C /* LoadOrderHistory.swift in Sources */,
				DCADC9131EEA46F9007C1641 /* ImageFunctions.swift in Sources */,
				DC2ED1181F1DDA0900FB130C /* OrderHistoryVC.swift in Sources */,
				DC5554401EDD10F0009FF182 /* Login.swift in Sources */,
				DC2ED1121F1DB93600FB130C /* OrderManagementVC.swift in Sources */,
				DC605D941EF7933F00E3EFB8 /* CafeCell.swift in Sources */,
				DC6196851ECD15920023C94B /* SignUpFormVC.swift in Sources */,
				DC4454AD1F13AEAD00D7D413 /* CoffeeCellVC.swift in Sources */,
				DC2ED1101F1DB86F00FB130C /* LoadOrderList.swift in Sources */,
				DC6418F91EDE68190049922C /* TabBarVC.swift in Sources */,
				DC5554421EDD13CA009FF182 /* LoginVC.swift in Sources */,
				DC6418F51EDE4BDC0049922C /* ProfileVC.swift in Sources */,
				DCC203C91F2B64E500A6C21A /* OtherLocation.swift in Sources */,
				DCAEB3BA1EE18D3300EED1D8 /* EditedProfileVC.swift in Sources */,
				DCE77BD61F10D7150094E244 /* CoffeeCell.swift in Sources */,
				DC9EACD11F1AF79700827F10 /* Order.swift in Sources */,
				DC605D961EF8BA9700E3EFB8 /* LoadCafeList.swift in Sources */,
				DC6196831ECD15920023C94B /* AppDelegate.swift in Sources */,
				DC4454AB1F1324D800D7D413 /* LoadProductList.swift in Sources */,
				DC15644C1F04A3E400243FC4 /* CafeCellVC.swift in Sources */,
				DCAE88481F0B3C7D0049E14A /* Coffee.swift in Sources */,
				DC19430B1ED6845900711EC3 /* Register.swift in Sources */,
				DC9F46EF1F0C855700F5B3C3 /* AddCoffeeVC.swift in Sources */,
				DCD860B11EE912B100840CF0 /* Update.swift in Sources */,
				DCEA5D201EF2405700E6C1A1 /* MapVC.swift in Sources */,
				DC58579E1EDA804200530E1B /* TextCheck.swift in Sources */,
				DC2ED11C1F1E1A4600FB130C /* OrderHistory.swift in Sources */,
				DC9F46F11F0CA3D000F5B3C3 /* CreateCoffee.swift in Sources */,
				DCA31A2D1F16475600D8E83D /* DeleteCoffee.swift in Sources */,
				DCB097CA1EDFC16F00F561A0 /* Profile.swift in Sources */,
				DC2ED11A1F1DDA6900FB130C /* OrderHistoryCell.swift in Sources */,
				DC66A3A91F15D8F400B5B55D /* UpdateCoffeeInfo.swift in Sources */,
				DC427A5A1ED98AC70001384D /* ConfirmedFormVC.swift in Sources */,
				DC19430D1ED69CD400711EC3 /* Constants.swift in Sources */,
				DCC89A2D1EF6690A00087C9A /* CafeListVC.swift in Sources */,
			);
			runOnlyForDeploymentPostprocessing = 0;
		};
/* End PBXSourcesBuildPhase section */

/* Begin PBXTargetDependency section */
		DC1942F81ED6794C00711EC3 /* PBXTargetDependency */ = {
			isa = PBXTargetDependency;
			target = DC61967E1ECD15920023C94B /* melbourne-cafe */;
			targetProxy = DC1942F71ED6794C00711EC3 /* PBXContainerItemProxy */;
		};
		DC1943061ED6795C00711EC3 /* PBXTargetDependency */ = {
			isa = PBXTargetDependency;
			target = DC61967E1ECD15920023C94B /* melbourne-cafe */;
			targetProxy = DC1943051ED6795C00711EC3 /* PBXContainerItemProxy */;
		};
/* End PBXTargetDependency section */

/* Begin PBXVariantGroup section */
		DC61968B1ECD15920023C94B /* LaunchScreen.storyboard */ = {
			isa = PBXVariantGroup;
			children = (
				DC61968C1ECD15920023C94B /* Base */,
			);
			name = LaunchScreen.storyboard;
			sourceTree = "<group>";
		};
/* End PBXVariantGroup section */

/* Begin XCBuildConfiguration section */
		DC1942FA1ED6794C00711EC3 /* Debug */ = {
			isa = XCBuildConfiguration;
			buildSettings = {
				DEVELOPMENT_TEAM = 36T8EM67R4;
				INFOPLIST_FILE = "melbourne-cafeUITests/Info.plist";
				LD_RUNPATH_SEARCH_PATHS = "$(inherited) @executable_path/Frameworks @loader_path/Frameworks";
				PRODUCT_BUNDLE_IDENTIFIER = "com.jinggao.melbourne-cafeUITests";
				PRODUCT_NAME = "$(TARGET_NAME)";
				SWIFT_VERSION = 3.0;
				TEST_TARGET_NAME = "melbourne-cafe";
			};
			name = Debug;
		};
		DC1942FB1ED6794C00711EC3 /* Release */ = {
			isa = XCBuildConfiguration;
			buildSettings = {
				DEVELOPMENT_TEAM = 36T8EM67R4;
				INFOPLIST_FILE = "melbourne-cafeUITests/Info.plist";
				LD_RUNPATH_SEARCH_PATHS = "$(inherited) @executable_path/Frameworks @loader_path/Frameworks";
				PRODUCT_BUNDLE_IDENTIFIER = "com.jinggao.melbourne-cafeUITests";
				PRODUCT_NAME = "$(TARGET_NAME)";
				SWIFT_VERSION = 3.0;
				TEST_TARGET_NAME = "melbourne-cafe";
			};
			name = Release;
		};
		DC1943081ED6795C00711EC3 /* Debug */ = {
			isa = XCBuildConfiguration;
			buildSettings = {
				BUNDLE_LOADER = "$(TEST_HOST)";
				DEVELOPMENT_TEAM = 36T8EM67R4;
				INFOPLIST_FILE = "melbourne-cafeTests/Info.plist";
				LD_RUNPATH_SEARCH_PATHS = "$(inherited) @executable_path/Frameworks @loader_path/Frameworks";
				PRODUCT_BUNDLE_IDENTIFIER = "com.jinggao.melbourne-cafeTests";
				PRODUCT_NAME = "$(TARGET_NAME)";
				SWIFT_VERSION = 3.0;
				TEST_HOST = "$(BUILT_PRODUCTS_DIR)/melbourne-cafe.app/melbourne-cafe";
			};
			name = Debug;
		};
		DC1943091ED6795C00711EC3 /* Release */ = {
			isa = XCBuildConfiguration;
			buildSettings = {
				BUNDLE_LOADER = "$(TEST_HOST)";
				DEVELOPMENT_TEAM = 36T8EM67R4;
				INFOPLIST_FILE = "melbourne-cafeTests/Info.plist";
				LD_RUNPATH_SEARCH_PATHS = "$(inherited) @executable_path/Frameworks @loader_path/Frameworks";
				PRODUCT_BUNDLE_IDENTIFIER = "com.jinggao.melbourne-cafeTests";
				PRODUCT_NAME = "$(TARGET_NAME)";
				SWIFT_VERSION = 3.0;
				TEST_HOST = "$(BUILT_PRODUCTS_DIR)/melbourne-cafe.app/melbourne-cafe";
			};
			name = Release;
		};
		DC61968F1ECD15920023C94B /* Debug */ = {
			isa = XCBuildConfiguration;
			buildSettings = {
				ALWAYS_SEARCH_USER_PATHS = NO;
				CLANG_ANALYZER_NONNULL = YES;
				CLANG_CXX_LANGUAGE_STANDARD = "gnu++0x";
				CLANG_CXX_LIBRARY = "libc++";
				CLANG_ENABLE_MODULES = YES;
				CLANG_ENABLE_OBJC_ARC = YES;
				CLANG_WARN_BOOL_CONVERSION = YES;
				CLANG_WARN_CONSTANT_CONVERSION = YES;
				CLANG_WARN_DIRECT_OBJC_ISA_USAGE = YES_ERROR;
				CLANG_WARN_DOCUMENTATION_COMMENTS = YES;
				CLANG_WARN_EMPTY_BODY = YES;
				CLANG_WARN_ENUM_CONVERSION = YES;
				CLANG_WARN_INFINITE_RECURSION = YES;
				CLANG_WARN_INT_CONVERSION = YES;
				CLANG_WARN_OBJC_ROOT_CLASS = YES_ERROR;
				CLANG_WARN_SUSPICIOUS_MOVE = YES;
				CLANG_WARN_UNREACHABLE_CODE = YES;
				CLANG_WARN__DUPLICATE_METHOD_MATCH = YES;
				"CODE_SIGN_IDENTITY[sdk=iphoneos*]" = "iPhone Developer";
				COPY_PHASE_STRIP = NO;
				DEBUG_INFORMATION_FORMAT = dwarf;
				ENABLE_STRICT_OBJC_MSGSEND = YES;
				ENABLE_TESTABILITY = YES;
				GCC_C_LANGUAGE_STANDARD = gnu99;
				GCC_DYNAMIC_NO_PIC = NO;
				GCC_NO_COMMON_BLOCKS = YES;
				GCC_OPTIMIZATION_LEVEL = 0;
				GCC_PREPROCESSOR_DEFINITIONS = (
					"DEBUG=1",
					"$(inherited)",
				);
				GCC_WARN_64_TO_32_BIT_CONVERSION = YES;
				GCC_WARN_ABOUT_RETURN_TYPE = YES_ERROR;
				GCC_WARN_UNDECLARED_SELECTOR = YES;
				GCC_WARN_UNINITIALIZED_AUTOS = YES_AGGRESSIVE;
				GCC_WARN_UNUSED_FUNCTION = YES;
				GCC_WARN_UNUSED_VARIABLE = YES;
				IPHONEOS_DEPLOYMENT_TARGET = 10.2;
				MTL_ENABLE_DEBUG_INFO = YES;
				ONLY_ACTIVE_ARCH = YES;
				SDKROOT = iphoneos;
				SWIFT_ACTIVE_COMPILATION_CONDITIONS = DEBUG;
				SWIFT_OPTIMIZATION_LEVEL = "-Onone";
				TARGETED_DEVICE_FAMILY = "1,2";
			};
			name = Debug;
		};
		DC6196901ECD15920023C94B /* Release */ = {
			isa = XCBuildConfiguration;
			buildSettings = {
				ALWAYS_SEARCH_USER_PATHS = NO;
				CLANG_ANALYZER_NONNULL = YES;
				CLANG_CXX_LANGUAGE_STANDARD = "gnu++0x";
				CLANG_CXX_LIBRARY = "libc++";
				CLANG_ENABLE_MODULES = YES;
				CLANG_ENABLE_OBJC_ARC = YES;
				CLANG_WARN_BOOL_CONVERSION = YES;
				CLANG_WARN_CONSTANT_CONVERSION = YES;
				CLANG_WARN_DIRECT_OBJC_ISA_USAGE = YES_ERROR;
				CLANG_WARN_DOCUMENTATION_COMMENTS = YES;
				CLANG_WARN_EMPTY_BODY = YES;
				CLANG_WARN_ENUM_CONVERSION = YES;
				CLANG_WARN_INFINITE_RECURSION = YES;
				CLANG_WARN_INT_CONVERSION = YES;
				CLANG_WARN_OBJC_ROOT_CLASS = YES_ERROR;
				CLANG_WARN_SUSPICIOUS_MOVE = YES;
				CLANG_WARN_UNREACHABLE_CODE = YES;
				CLANG_WARN__DUPLICATE_METHOD_MATCH = YES;
				"CODE_SIGN_IDENTITY[sdk=iphoneos*]" = "iPhone Developer";
				COPY_PHASE_STRIP = NO;
				DEBUG_INFORMATION_FORMAT = "dwarf-with-dsym";
				ENABLE_NS_ASSERTIONS = NO;
				ENABLE_STRICT_OBJC_MSGSEND = YES;
				GCC_C_LANGUAGE_STANDARD = gnu99;
				GCC_NO_COMMON_BLOCKS = YES;
				GCC_WARN_64_TO_32_BIT_CONVERSION = YES;
				GCC_WARN_ABOUT_RETURN_TYPE = YES_ERROR;
				GCC_WARN_UNDECLARED_SELECTOR = YES;
				GCC_WARN_UNINITIALIZED_AUTOS = YES_AGGRESSIVE;
				GCC_WARN_UNUSED_FUNCTION = YES;
				GCC_WARN_UNUSED_VARIABLE = YES;
				IPHONEOS_DEPLOYMENT_TARGET = 10.2;
				MTL_ENABLE_DEBUG_INFO = NO;
				SDKROOT = iphoneos;
				SWIFT_OPTIMIZATION_LEVEL = "-Owholemodule";
				TARGETED_DEVICE_FAMILY = "1,2";
				VALIDATE_PRODUCT = YES;
			};
			name = Release;
		};
		DC6196921ECD15920023C94B /* Debug */ = {
			isa = XCBuildConfiguration;
			baseConfigurationReference = F3F1DDB17DB1B57E4D25CBE8 /* Pods-melbourne-cafe.debug.xcconfig */;
			buildSettings = {
				ASSETCATALOG_COMPILER_APPICON_NAME = AppIcon;
				DEVELOPMENT_TEAM = Y5VHUR42M4;
				INFOPLIST_FILE = "melbourne-cafe/Info.plist";
				LD_RUNPATH_SEARCH_PATHS = "$(inherited) @executable_path/Frameworks";
				PRODUCT_BUNDLE_IDENTIFIER = com.jinggao.melbournecafe;
				PRODUCT_NAME = "$(TARGET_NAME)";
				SWIFT_VERSION = 3.0;
			};
			name = Debug;
		};
		DC6196931ECD15920023C94B /* Release */ = {
			isa = XCBuildConfiguration;
			baseConfigurationReference = 59AB041E6C7DB3CC20ACEB77 /* Pods-melbourne-cafe.release.xcconfig */;
			buildSettings = {
				ASSETCATALOG_COMPILER_APPICON_NAME = AppIcon;
				DEVELOPMENT_TEAM = Y5VHUR42M4;
				INFOPLIST_FILE = "melbourne-cafe/Info.plist";
				LD_RUNPATH_SEARCH_PATHS = "$(inherited) @executable_path/Frameworks";
				PRODUCT_BUNDLE_IDENTIFIER = com.jinggao.melbournecafe;
				PRODUCT_NAME = "$(TARGET_NAME)";
				SWIFT_VERSION = 3.0;
			};
			name = Release;
		};
/* End XCBuildConfiguration section */

/* Begin XCConfigurationList section */
		DC1942F91ED6794C00711EC3 /* Build configuration list for PBXNativeTarget "melbourne-cafeUITests" */ = {
			isa = XCConfigurationList;
			buildConfigurations = (
				DC1942FA1ED6794C00711EC3 /* Debug */,
				DC1942FB1ED6794C00711EC3 /* Release */,
			);
			defaultConfigurationIsVisible = 0;
			defaultConfigurationName = Release;
		};
		DC1943071ED6795C00711EC3 /* Build configuration list for PBXNativeTarget "melbourne-cafeTests" */ = {
			isa = XCConfigurationList;
			buildConfigurations = (
				DC1943081ED6795C00711EC3 /* Debug */,
				DC1943091ED6795C00711EC3 /* Release */,
			);
			defaultConfigurationIsVisible = 0;
			defaultConfigurationName = Release;
		};
		DC61967A1ECD15920023C94B /* Build configuration list for PBXProject "melbourne-cafe" */ = {
			isa = XCConfigurationList;
			buildConfigurations = (
				DC61968F1ECD15920023C94B /* Debug */,
				DC6196901ECD15920023C94B /* Release */,
			);
			defaultConfigurationIsVisible = 0;
			defaultConfigurationName = Release;
		};
		DC6196911ECD15920023C94B /* Build configuration list for PBXNativeTarget "melbourne-cafe" */ = {
			isa = XCConfigurationList;
			buildConfigurations = (
				DC6196921ECD15920023C94B /* Debug */,
				DC6196931ECD15920023C94B /* Release */,
			);
			defaultConfigurationIsVisible = 0;
			defaultConfigurationName = Release;
		};
/* End XCConfigurationList section */
	};
	rootObject = DC6196771ECD15920023C94B /* Project object */;
}
